<?xml version="1.0" encoding="utf-8"?>
<Project ToolsVersion="4.0" xmlns="http://schemas.microsoft.com/developer/msbuild/2003">
  <ItemGroup>
    <Filter Include="Source Files">
      <UniqueIdentifier>{4FC737F1-C7A5-4376-A066-2A32D752A2FF}</UniqueIdentifier>
      <Extensions>cpp;c;cc;cxx;def;odl;idl;hpj;bat;asm;asmx</Extensions>
    </Filter>
    <Filter Include="Header Files">
      <UniqueIdentifier>{93995380-89BD-4b04-88EB-625FBE52EBFB}</UniqueIdentifier>
      <Extensions>h;hh;hpp;hxx;hm;inl;inc;xsd</Extensions>
    </Filter>
    <Filter Include="Resource Files">
      <UniqueIdentifier>{67DA6AB6-F800-4c08-8B7A-83BB121AAD01}</UniqueIdentifier>
      <Extensions>rc;ico;cur;bmp;dlg;rc2;rct;bin;rgs;gif;jpg;jpeg;jpe;resx;tiff;tif;png;wav;mfcribbon-ms</Extensions>
    </Filter>
  </ItemGroup>
  <ItemGroup>
    <None Include="..\README.md" />
    <None Include="res\RWracesDB.rc2">
      <Filter>Resource Files</Filter>
    </None>
    <None Include="..\..\RacesTraining\Data\Former.txt" />
    <None Include="..\..\Library\Extras\Options.rc2">
      <Filter>Resource Files</Filter>
    </None>
    <None Include="res\Toolbar70.bmp">
      <Filter>Resource Files</Filter>
    </None>
    <None Include="..\..\Library\Extras\AboutDlg.rc2">
      <Filter>Resource Files</Filter>
    </None>
    <None Include="..\..\Library\Extras\RptOrientTwo.rc2">
      <Filter>Resource Files</Filter>
    </None>
  </ItemGroup>
  <ItemGroup>
    <ClCompile Include="BackupRcds.cpp">
      <Filter>Source Files</Filter>
    </ClCompile>
    <ClCompile Include="MainFrame.cpp">
      <Filter>Source Files</Filter>
    </ClCompile>
    <ClCompile Include="MemberList.cpp">
      <Filter>Source Files</Filter>
    </ClCompile>
    <ClCompile Include="RWracesDB.cpp">
      <Filter>Source Files</Filter>
    </ClCompile>
    <ClCompile Include="RWracesDBDoc.cpp">
      <Filter>Source Files</Filter>
    </ClCompile>
    <ClCompile Include="RWracesDBView.cpp">
      <Filter>Source Files</Filter>
    </ClCompile>
    <ClCompile Include="StatusRcds.cpp">
      <Filter>Source Files</Filter>
    </ClCompile>
    <ClCompile Include="StatusUpdate.cpp">
      <Filter>Source Files</Filter>
    </ClCompile>
    <ClCompile Include="Quoted.cpp">
      <Filter>Source Files</Filter>
    </ClCompile>
    <ClCompile Include="Everbridge.cpp">
      <Filter>Source Files</Filter>
    </ClCompile>
    <ClCompile Include="FCClist.cpp">
      <Filter>Source Files</Filter>
    </ClCompile>
    <ClCompile Include="MemberRpts.cpp">
      <Filter>Source Files</Filter>
    </ClCompile>
    <ClCompile Include="GoogleRpt.cpp">
      <Filter>Source Files</Filter>
    </ClCompile>
    <ClCompile Include="CntResponders.cpp">
      <Filter>Source Files</Filter>
    </ClCompile>
    <ClCompile Include="DeadRcds.cpp">
      <Filter>Source Files</Filter>
    </ClCompile>
    <ClCompile Include="..\..\Library\Extras\OptionsDlg.cpp">
      <Filter>Source Files</Filter>
    </ClCompile>
    <ClCompile Include="StatusRpt.cpp">
      <Filter>Source Files</Filter>
    </ClCompile>
    <ClCompile Include="RWutilities.cpp">
      <Filter>Source Files</Filter>
    </ClCompile>
    <ClCompile Include="..\..\Library\Extras\AboutDlg.cpp">
      <Filter>Source Files</Filter>
    </ClCompile>
    <ClCompile Include="MbrSortList.cpp">
      <Filter>Source Files</Filter>
    </ClCompile>
    <ClCompile Include="MbrInfo.cpp">
      <Filter>Source Files</Filter>
    </ClCompile>
    <ClCompile Include="pch.cpp">
      <Filter>Source Files</Filter>
    </ClCompile>
    <ClCompile Include="..\..\Library\Extras\RptOrientDlgTwo.cpp">
      <Filter>Source Files</Filter>
    </ClCompile>
    <ClCompile Include="MyToolBar.cpp">
      <Filter>Source Files</Filter>
    </ClCompile>
  </ItemGroup>
  <ItemGroup>
    <ClInclude Include="BackupRcds.h">
      <Filter>Header Files</Filter>
    </ClInclude>
    <ClInclude Include="MainFrame.h">
      <Filter>Header Files</Filter>
    </ClInclude>
    <ClInclude Include="MemberList.h">
      <Filter>Header Files</Filter>
    </ClInclude>
    <ClInclude Include="Records.h">
      <Filter>Header Files</Filter>
    </ClInclude>
    <ClInclude Include="Resource.h">
      <Filter>Header Files</Filter>
    </ClInclude>
    <ClInclude Include="RWracesDB.h">
      <Filter>Header Files</Filter>
    </ClInclude>
    <ClInclude Include="RWracesDBDoc.h">
      <Filter>Header Files</Filter>
    </ClInclude>
    <ClInclude Include="RWracesDBView.h">
      <Filter>Header Files</Filter>
    </ClInclude>
    <ClInclude Include="StatusRcds.h">
      <Filter>Header Files</Filter>
    </ClInclude>
    <ClInclude Include="targetver.h">
      <Filter>Header Files</Filter>
    </ClInclude>
    <ClInclude Include="StatusUpdate.h">
      <Filter>Header Files</Filter>
    </ClInclude>
    <ClInclude Include="Quoted.h">
      <Filter>Header Files</Filter>
    </ClInclude>
    <ClInclude Include="Everbridge.h">
      <Filter>Header Files</Filter>
    </ClInclude>
    <ClInclude Include="FCClist.h">
      <Filter>Header Files</Filter>
    </ClInclude>
    <ClInclude Include="MemberRpts.h">
      <Filter>Header Files</Filter>
    </ClInclude>
    <ClInclude Include="GoogleRpt.h">
      <Filter>Header Files</Filter>
    </ClInclude>
    <ClInclude Include="CntResponders.h">
      <Filter>Header Files</Filter>
    </ClInclude>
    <ClInclude Include="DeadRcds.h">
      <Filter>Header Files</Filter>
    </ClInclude>
    <ClInclude Include="..\..\Library\Extras\OptionsDlg.h">
      <Filter>Header Files</Filter>
    </ClInclude>
    <ClInclude Include="StatusRpt.h">
      <Filter>Header Files</Filter>
    </ClInclude>
    <ClInclude Include="RWutilities.h">
      <Filter>Header Files</Filter>
    </ClInclude>
    <ClInclude Include="..\..\Library\Extras\AboutDlg.h">
      <Filter>Header Files</Filter>
    </ClInclude>
    <ClInclude Include="MbrSortList.h">
      <Filter>Header Files</Filter>
    </ClInclude>
    <ClInclude Include="MbrInfo.h">
      <Filter>Header Files</Filter>
    </ClInclude>
    <ClInclude Include="framework.h">
      <Filter>Header Files</Filter>
    </ClInclude>
    <ClInclude Include="pch.h">
      <Filter>Header Files</Filter>
    </ClInclude>
    <ClInclude Include="..\..\Library\Extras\ResourceExtra.h">
      <Filter>Header Files</Filter>
    </ClInclude>
    <ClInclude Include="..\..\Library\Extras\RptOrientDlgTwo.h">
      <Filter>Header Files</Filter>
    </ClInclude>
    <ClInclude Include="MyToolBar.h">
      <Filter>Header Files</Filter>
    </ClInclude>
  </ItemGroup>
  <ItemGroup>
    <ResourceCompile Include="RWracesDB.rc">
      <Filter>Resource Files</Filter>
    </ResourceCompile>
  </ItemGroup>
  <ItemGroup>
    <Image Include="res\RWracesDB.ico">
      <Filter>Resource Files</Filter>
    </Image>
    <Image Include="res\RWracesDBUI.ico">
      <Filter>Resource Files</Filter>
    </Image>
  </ItemGroup>
</Project>