<?xml version="1.0" encoding="utf-8"?>
<Project ToolsVersion="4.0" xmlns="http://schemas.microsoft.com/developer/msbuild/2003">
  <ItemGroup>
    <Filter Include="Source Files">
      <UniqueIdentifier>{4FC737F1-C7A5-4376-A066-2A32D752A2FF}</UniqueIdentifier>
      <Extensions>cpp;c;cc;cxx;def;odl;idl;hpj;bat;asm;asmx</Extensions>
    </Filter>
    <Filter Include="Header Files">
      <UniqueIdentifier>{93995380-89BD-4b04-88EB-625FBE52EBFB}</UniqueIdentifier>
      <Extensions>h;hh;hpp;hxx;hm;inl;inc;xsd</Extensions>
    </Filter>
    <Filter Include="Resource Files">
      <UniqueIdentifier>{67DA6AB6-F800-4c08-8B7A-83BB121AAD01}</UniqueIdentifier>
      <Extensions>rc;ico;cur;bmp;dlg;rc2;rct;bin;rgs;gif;jpg;jpeg;jpe;resx;tiff;tif;png;wav;mfcribbon-ms</Extensions>
    </Filter>
  </ItemGroup>
  <ItemGroup>
    <None Include="..\..\Library\AboutFiles\About.rc2">
      <Filter>Resource Files</Filter>
    </None>
    <None Include="..\SrcFiles\res\RWracesDB.rc2">
      <Filter>Resource Files</Filter>
    </None>
    <None Include="..\README.md" />
  </ItemGroup>
  <ItemGroup>
    <ClCompile Include="..\SrcFiles\AddressMap.cpp">
      <Filter>Source Files</Filter>
    </ClCompile>
    <ClCompile Include="..\SrcFiles\AssgnPrefMap.cpp">
      <Filter>Source Files</Filter>
    </ClCompile>
    <ClCompile Include="..\SrcFiles\CityStateMap.cpp">
      <Filter>Source Files</Filter>
    </ClCompile>
    <ClCompile Include="..\SrcFiles\EntityMap.cpp">
      <Filter>Source Files</Filter>
    </ClCompile>
    <ClCompile Include="..\SrcFiles\FixPrimaryeMail.cpp">
      <Filter>Source Files</Filter>
    </ClCompile>
    <ClCompile Include="..\SrcFiles\LocationPrefMap.cpp">
      <Filter>Source Files</Filter>
    </ClCompile>
    <ClCompile Include="..\SrcFiles\MainFrm.cpp">
      <Filter>Source Files</Filter>
    </ClCompile>
    <ClCompile Include="..\SrcFiles\MapData.cpp">
      <Filter>Source Files</Filter>
    </ClCompile>
    <ClCompile Include="..\SrcFiles\MemberMap.cpp">
      <Filter>Source Files</Filter>
    </ClCompile>
    <ClCompile Include="..\SrcFiles\StatusMap.cpp">
      <Filter>Source Files</Filter>
    </ClCompile>
    <ClCompile Include="..\SrcFiles\stdafx.cpp">
      <Filter>Source Files</Filter>
    </ClCompile>
    <ClCompile Include="..\SrcFiles\RWracesDB.cpp">
      <Filter>Source Files</Filter>
    </ClCompile>
    <ClCompile Include="..\SrcFiles\RWracesDBDoc.cpp">
      <Filter>Source Files</Filter>
    </ClCompile>
    <ClCompile Include="..\SrcFiles\RWracesDBView.cpp">
      <Filter>Source Files</Filter>
    </ClCompile>
    <ClCompile Include="..\SrcFiles\DspOneRecord.cpp">
      <Filter>Source Files</Filter>
    </ClCompile>
    <ClCompile Include="..\SrcFiles\OnUpdateDB.cpp">
      <Filter>Source Files</Filter>
    </ClCompile>
    <ClCompile Include="..\SrcFiles\Utilities.cpp">
      <Filter>Source Files</Filter>
    </ClCompile>
    <ClCompile Include="..\SrcFiles\RestoreBackup.cpp">
      <Filter>Source Files</Filter>
    </ClCompile>
    <ClCompile Include="..\SrcFiles\EntityTbl.cpp">
      <Filter>Source Files</Filter>
    </ClCompile>
    <ClCompile Include="..\SrcFiles\StatusTbl.cpp">
      <Filter>Source Files</Filter>
    </ClCompile>
    <ClCompile Include="..\SrcFiles\AddressTbl.cpp">
      <Filter>Source Files</Filter>
    </ClCompile>
    <ClCompile Include="..\SrcFiles\AssgnPrefTbl.cpp">
      <Filter>Source Files</Filter>
    </ClCompile>
    <ClCompile Include="..\SrcFiles\CityStateTbl.cpp">
      <Filter>Source Files</Filter>
    </ClCompile>
    <ClCompile Include="..\SrcFiles\LocationPrefTbl.cpp">
      <Filter>Source Files</Filter>
    </ClCompile>
    <ClCompile Include="..\SrcFiles\MemberTbl.cpp">
      <Filter>Source Files</Filter>
    </ClCompile>
    <ClCompile Include="..\SrcFiles\Maps.cpp">
      <Filter>Source Files</Filter>
    </ClCompile>
    <ClCompile Include="..\..\Library\AboutFiles\About.cpp">
      <Filter>Source Files</Filter>
    </ClCompile>
    <ClCompile Include="..\SrcFiles\GoogleEarth.cpp">
      <Filter>Source Files</Filter>
    </ClCompile>
    <ClCompile Include="..\SrcFiles\Everbridge.cpp">
      <Filter>Source Files</Filter>
    </ClCompile>
    <ClCompile Include="..\SrcFiles\MemberList.cpp">
      <Filter>Source Files</Filter>
    </ClCompile>
    <ClCompile Include="..\SrcFiles\UpdateRequest.cpp">
      <Filter>Source Files</Filter>
    </ClCompile>
    <ClCompile Include="..\SrcFiles\Survey.cpp">
      <Filter>Source Files</Filter>
    </ClCompile>
    <ClCompile Include="..\..\Library\TableDescriptors\TableDscrs.cpp">
      <Filter>Source Files</Filter>
    </ClCompile>
    <ClCompile Include="..\SrcFiles\StatusRcds.cpp">
      <Filter>Source Files</Filter>
    </ClCompile>
    <ClCompile Include="..\SrcFiles\BackupRcds.cpp">
      <Filter>Source Files</Filter>
    </ClCompile>
  </ItemGroup>
  <ItemGroup>
    <ClInclude Include="..\SrcFiles\AddressMap.h">
      <Filter>Header Files</Filter>
    </ClInclude>
    <ClInclude Include="..\SrcFiles\AssgnPrefMap.h">
      <Filter>Header Files</Filter>
    </ClInclude>
    <ClInclude Include="..\SrcFiles\CityStateMap.h">
      <Filter>Header Files</Filter>
    </ClInclude>
    <ClInclude Include="..\SrcFiles\EntityMap.h">
      <Filter>Header Files</Filter>
    </ClInclude>
    <ClInclude Include="..\SrcFiles\LocationPrefMap.h">
      <Filter>Header Files</Filter>
    </ClInclude>
    <ClInclude Include="..\SrcFiles\MainFrm.h">
      <Filter>Header Files</Filter>
    </ClInclude>
    <ClInclude Include="..\SrcFiles\MapData.h">
      <Filter>Header Files</Filter>
    </ClInclude>
    <ClInclude Include="..\SrcFiles\MemberMap.h">
      <Filter>Header Files</Filter>
    </ClInclude>
    <ClInclude Include="..\SrcFiles\Records.h">
      <Filter>Header Files</Filter>
    </ClInclude>
    <ClInclude Include="..\SrcFiles\resource.h">
      <Filter>Header Files</Filter>
    </ClInclude>
    <ClInclude Include="..\SrcFiles\StatusMap.h">
      <Filter>Header Files</Filter>
    </ClInclude>
    <ClInclude Include="..\SrcFiles\stdafx.h">
      <Filter>Header Files</Filter>
    </ClInclude>
    <ClInclude Include="..\SrcFiles\targetver.h">
      <Filter>Header Files</Filter>
    </ClInclude>
    <ClInclude Include="..\SrcFiles\RWracesDB.h">
      <Filter>Header Files</Filter>
    </ClInclude>
    <ClInclude Include="..\SrcFiles\RWracesDBDoc.h">
      <Filter>Header Files</Filter>
    </ClInclude>
    <ClInclude Include="..\SrcFiles\RWracesDBView.h">
      <Filter>Header Files</Filter>
    </ClInclude>
    <ClInclude Include="..\SrcFiles\Utilities.h">
      <Filter>Header Files</Filter>
    </ClInclude>
    <ClInclude Include="..\SrcFiles\EntityTbl.h">
      <Filter>Header Files</Filter>
    </ClInclude>
    <ClInclude Include="..\SrcFiles\StatusTbl.h">
      <Filter>Header Files</Filter>
    </ClInclude>
    <ClInclude Include="..\SrcFiles\AddressTbl.h">
      <Filter>Header Files</Filter>
    </ClInclude>
    <ClInclude Include="..\SrcFiles\AssgnPrefTbl.h">
      <Filter>Header Files</Filter>
    </ClInclude>
    <ClInclude Include="..\SrcFiles\CityStateTbl.h">
      <Filter>Header Files</Filter>
    </ClInclude>
    <ClInclude Include="..\SrcFiles\LocationPrefTbl.h">
      <Filter>Header Files</Filter>
    </ClInclude>
    <ClInclude Include="..\SrcFiles\MemberTbl.h">
      <Filter>Header Files</Filter>
    </ClInclude>
    <ClInclude Include="..\SrcFiles\Maps.h">
      <Filter>Header Files</Filter>
    </ClInclude>
    <ClInclude Include="..\..\Library\AboutFiles\About.h">
      <Filter>Header Files</Filter>
    </ClInclude>
    <ClInclude Include="..\SrcFiles\MemberList.h">
      <Filter>Header Files</Filter>
    </ClInclude>
    <ClInclude Include="..\SrcFiles\Survey.h">
      <Filter>Header Files</Filter>
    </ClInclude>
    <ClInclude Include="..\..\Library\TableDescriptors\TableDscrs.h">
      <Filter>Header Files</Filter>
    </ClInclude>
    <ClInclude Include="..\SrcFiles\StatusRcds.h">
      <Filter>Header Files</Filter>
    </ClInclude>
    <ClInclude Include="..\SrcFiles\BackupRcds.h">
      <Filter>Header Files</Filter>
    </ClInclude>
  </ItemGroup>
  <ItemGroup>
    <ResourceCompile Include="..\SrcFiles\RWracesDB.rc">
      <Filter>Resource Files</Filter>
    </ResourceCompile>
  </ItemGroup>
  <ItemGroup>
    <Image Include="..\SrcFiles\res\RWracesDB.ico">
      <Filter>Resource Files</Filter>
    </Image>
  </ItemGroup>
</Project>
