<?xml version="1.0" encoding="utf-8"?>
<Project ToolsVersion="4.0" xmlns="http://schemas.microsoft.com/developer/msbuild/2003">
  <ItemGroup>
    <Filter Include="Source Files">
      <UniqueIdentifier>{4FC737F1-C7A5-4376-A066-2A32D752A2FF}</UniqueIdentifier>
      <Extensions>cpp;c;cc;cxx;def;odl;idl;hpj;bat;asm;asmx</Extensions>
    </Filter>
    <Filter Include="Header Files">
      <UniqueIdentifier>{93995380-89BD-4b04-88EB-625FBE52EBFB}</UniqueIdentifier>
      <Extensions>h;hh;hpp;hxx;hm;inl;inc;xsd</Extensions>
    </Filter>
    <Filter Include="Resource Files">
      <UniqueIdentifier>{67DA6AB6-F800-4c08-8B7A-83BB121AAD01}</UniqueIdentifier>
      <Extensions>rc;ico;cur;bmp;dlg;rc2;rct;bin;rgs;gif;jpg;jpeg;jpe;resx;tiff;tif;png;wav;mfcribbon-ms</Extensions>
    </Filter>
  </ItemGroup>
  <ItemGroup>
    <None Include="..\README.md" />
    <None Include="res\RWracesDB.rc2">
      <Filter>Resource Files</Filter>
    </None>
    <None Include="..\..\RacesTraining\Data\Former.txt" />
    <None Include="..\..\Library\Extras\About.rc2">
      <Filter>Resource Files</Filter>
    </None>
    <None Include="..\..\Library\Extras\Options.rc2">
      <Filter>Resource Files</Filter>
    </None>
  </ItemGroup>
  <ItemGroup>
    <ClCompile Include="AddressMap.cpp">
      <Filter>Source Files</Filter>
    </ClCompile>
    <ClCompile Include="AddressTbl.cpp">
      <Filter>Source Files</Filter>
    </ClCompile>
    <ClCompile Include="AssgnPrefMap.cpp">
      <Filter>Source Files</Filter>
    </ClCompile>
    <ClCompile Include="AssgnPrefTbl.cpp">
      <Filter>Source Files</Filter>
    </ClCompile>
    <ClCompile Include="BackupRcds.cpp">
      <Filter>Source Files</Filter>
    </ClCompile>
    <ClCompile Include="CityStateMap.cpp">
      <Filter>Source Files</Filter>
    </ClCompile>
    <ClCompile Include="CityStateTbl.cpp">
      <Filter>Source Files</Filter>
    </ClCompile>
    <ClCompile Include="EntityMap.cpp">
      <Filter>Source Files</Filter>
    </ClCompile>
    <ClCompile Include="EntityTbl.cpp">
      <Filter>Source Files</Filter>
    </ClCompile>
    <ClCompile Include="LocationPrefMap.cpp">
      <Filter>Source Files</Filter>
    </ClCompile>
    <ClCompile Include="LocationPrefTbl.cpp">
      <Filter>Source Files</Filter>
    </ClCompile>
    <ClCompile Include="MainFrm.cpp">
      <Filter>Source Files</Filter>
    </ClCompile>
    <ClCompile Include="MapData.cpp">
      <Filter>Source Files</Filter>
    </ClCompile>
    <ClCompile Include="Maps.cpp">
      <Filter>Source Files</Filter>
    </ClCompile>
    <ClCompile Include="MemberList.cpp">
      <Filter>Source Files</Filter>
    </ClCompile>
    <ClCompile Include="MemberMap.cpp">
      <Filter>Source Files</Filter>
    </ClCompile>
    <ClCompile Include="MemberTbl.cpp">
      <Filter>Source Files</Filter>
    </ClCompile>
    <ClCompile Include="RWracesDB.cpp">
      <Filter>Source Files</Filter>
    </ClCompile>
    <ClCompile Include="RWracesDBDoc.cpp">
      <Filter>Source Files</Filter>
    </ClCompile>
    <ClCompile Include="RWracesDBView.cpp">
      <Filter>Source Files</Filter>
    </ClCompile>
    <ClCompile Include="StatusMap.cpp">
      <Filter>Source Files</Filter>
    </ClCompile>
    <ClCompile Include="StatusRcds.cpp">
      <Filter>Source Files</Filter>
    </ClCompile>
    <ClCompile Include="StatusTbl.cpp">
      <Filter>Source Files</Filter>
    </ClCompile>
    <ClCompile Include="stdafx.cpp">
      <Filter>Source Files</Filter>
    </ClCompile>
    <ClCompile Include="Survey.cpp">
      <Filter>Source Files</Filter>
    </ClCompile>
    <ClCompile Include="Utilities.cpp">
      <Filter>Source Files</Filter>
    </ClCompile>
    <ClCompile Include="StatusUpdate.cpp">
      <Filter>Source Files</Filter>
    </ClCompile>
    <ClCompile Include="Quoted.cpp">
      <Filter>Source Files</Filter>
    </ClCompile>
    <ClCompile Include="Everbridge.cpp">
      <Filter>Source Files</Filter>
    </ClCompile>
    <ClCompile Include="UpdateRequest.cpp">
      <Filter>Source Files</Filter>
    </ClCompile>
    <ClCompile Include="FCClist.cpp">
      <Filter>Source Files</Filter>
    </ClCompile>
    <ClCompile Include="MemberRpts.cpp">
      <Filter>Source Files</Filter>
    </ClCompile>
    <ClCompile Include="GoogleRpt.cpp">
      <Filter>Source Files</Filter>
    </ClCompile>
    <ClCompile Include="CntResponders.cpp">
      <Filter>Source Files</Filter>
    </ClCompile>
    <ClCompile Include="DataBase.cpp">
      <Filter>Source Files</Filter>
    </ClCompile>
    <ClCompile Include="DeadRcds.cpp">
      <Filter>Source Files</Filter>
    </ClCompile>
    <ClCompile Include="..\..\Library\Extras\About.cpp">
      <Filter>Source Files</Filter>
    </ClCompile>
    <ClCompile Include="..\..\Library\Extras\OptionsDlg.cpp">
      <Filter>Source Files</Filter>
    </ClCompile>
    <ClCompile Include="..\..\Library\Extras\TableDscrs.cpp">
      <Filter>Source Files</Filter>
    </ClCompile>
    <ClCompile Include="StatusRpt.cpp">
      <Filter>Source Files</Filter>
    </ClCompile>
  </ItemGroup>
  <ItemGroup>
    <ClInclude Include="AddressMap.h">
      <Filter>Header Files</Filter>
    </ClInclude>
    <ClInclude Include="AddressTbl.h">
      <Filter>Header Files</Filter>
    </ClInclude>
    <ClInclude Include="AssgnPrefMap.h">
      <Filter>Header Files</Filter>
    </ClInclude>
    <ClInclude Include="AssgnPrefTbl.h">
      <Filter>Header Files</Filter>
    </ClInclude>
    <ClInclude Include="BackupRcds.h">
      <Filter>Header Files</Filter>
    </ClInclude>
    <ClInclude Include="CityStateMap.h">
      <Filter>Header Files</Filter>
    </ClInclude>
    <ClInclude Include="CityStateTbl.h">
      <Filter>Header Files</Filter>
    </ClInclude>
    <ClInclude Include="EntityMap.h">
      <Filter>Header Files</Filter>
    </ClInclude>
    <ClInclude Include="EntityTbl.h">
      <Filter>Header Files</Filter>
    </ClInclude>
    <ClInclude Include="LocationPrefMap.h">
      <Filter>Header Files</Filter>
    </ClInclude>
    <ClInclude Include="LocationPrefTbl.h">
      <Filter>Header Files</Filter>
    </ClInclude>
    <ClInclude Include="MainFrm.h">
      <Filter>Header Files</Filter>
    </ClInclude>
    <ClInclude Include="MapData.h">
      <Filter>Header Files</Filter>
    </ClInclude>
    <ClInclude Include="Maps.h">
      <Filter>Header Files</Filter>
    </ClInclude>
    <ClInclude Include="MemberList.h">
      <Filter>Header Files</Filter>
    </ClInclude>
    <ClInclude Include="MemberMap.h">
      <Filter>Header Files</Filter>
    </ClInclude>
    <ClInclude Include="MemberTbl.h">
      <Filter>Header Files</Filter>
    </ClInclude>
    <ClInclude Include="Records.h">
      <Filter>Header Files</Filter>
    </ClInclude>
    <ClInclude Include="resource.h">
      <Filter>Header Files</Filter>
    </ClInclude>
    <ClInclude Include="RWracesDB.h">
      <Filter>Header Files</Filter>
    </ClInclude>
    <ClInclude Include="RWracesDBDoc.h">
      <Filter>Header Files</Filter>
    </ClInclude>
    <ClInclude Include="RWracesDBView.h">
      <Filter>Header Files</Filter>
    </ClInclude>
    <ClInclude Include="StatusMap.h">
      <Filter>Header Files</Filter>
    </ClInclude>
    <ClInclude Include="StatusRcds.h">
      <Filter>Header Files</Filter>
    </ClInclude>
    <ClInclude Include="StatusTbl.h">
      <Filter>Header Files</Filter>
    </ClInclude>
    <ClInclude Include="stdafx.h">
      <Filter>Header Files</Filter>
    </ClInclude>
    <ClInclude Include="Survey.h">
      <Filter>Header Files</Filter>
    </ClInclude>
    <ClInclude Include="targetver.h">
      <Filter>Header Files</Filter>
    </ClInclude>
    <ClInclude Include="Utilities.h">
      <Filter>Header Files</Filter>
    </ClInclude>
    <ClInclude Include="StatusUpdate.h">
      <Filter>Header Files</Filter>
    </ClInclude>
    <ClInclude Include="Quoted.h">
      <Filter>Header Files</Filter>
    </ClInclude>
    <ClInclude Include="Everbridge.h">
      <Filter>Header Files</Filter>
    </ClInclude>
    <ClInclude Include="UpdateRequest.h">
      <Filter>Header Files</Filter>
    </ClInclude>
    <ClInclude Include="FCClist.h">
      <Filter>Header Files</Filter>
    </ClInclude>
    <ClInclude Include="MemberRpts.h">
      <Filter>Header Files</Filter>
    </ClInclude>
    <ClInclude Include="GoogleRpt.h">
      <Filter>Header Files</Filter>
    </ClInclude>
    <ClInclude Include="CntResponders.h">
      <Filter>Header Files</Filter>
    </ClInclude>
    <ClInclude Include="IDitem.h">
      <Filter>Header Files</Filter>
    </ClInclude>
    <ClInclude Include="DataBase.h">
      <Filter>Header Files</Filter>
    </ClInclude>
    <ClInclude Include="DeadRcds.h">
      <Filter>Header Files</Filter>
    </ClInclude>
    <ClInclude Include="..\..\Library\Extras\About.h">
      <Filter>Header Files</Filter>
    </ClInclude>
    <ClInclude Include="..\..\Library\Extras\ExtraResource.h">
      <Filter>Header Files</Filter>
    </ClInclude>
    <ClInclude Include="..\..\Library\Extras\OptionsDlg.h">
      <Filter>Header Files</Filter>
    </ClInclude>
    <ClInclude Include="..\..\Library\Extras\TableDscrs.h">
      <Filter>Header Files</Filter>
    </ClInclude>
    <ClInclude Include="StatusRpt.h">
      <Filter>Header Files</Filter>
    </ClInclude>
  </ItemGroup>
  <ItemGroup>
    <ResourceCompile Include="RWracesDB.rc">
      <Filter>Resource Files</Filter>
    </ResourceCompile>
  </ItemGroup>
  <ItemGroup>
    <Image Include="res\RWracesDB.ico">
      <Filter>Resource Files</Filter>
    </Image>
    <Image Include="res\RWracesDBUI.ico">
      <Filter>Resource Files</Filter>
    </Image>
    <Image Include="res\Toolbar22.bmp">
      <Filter>Resource Files</Filter>
    </Image>
    <Image Include="res\Toolbar26.bmp">
      <Filter>Resource Files</Filter>
    </Image>
  </ItemGroup>
</Project>